
Microsoft Visual Studio Solution File, Format Version 12.00
# Visual Studio 14
VisualStudioVersion = 14.0.24720.0
MinimumVisualStudioVersion = 10.0.40219.1
Project("{8BC9CEB8-8B4A-11D0-8D11-00A0C91BC942}") = "libcstl_platform_tester", "libcstl_platform_tester.vcxproj", "{0773C225-A754-46E0-9EF9-DCD286D1A67F}"
EndProject
Project("{8BC9CEB8-8B4A-11D0-8D11-00A0C91BC942}") = "test_libcstl_dll", "test_libcstl_dll\test_libcstl_dll.vcxproj", "{9E55211F-FE12-4BF9-A2CA-88C9D94BEB43}"
EndProject
Project("{8BC9CEB8-8B4A-11D0-8D11-00A0C91BC942}") = "libcstl", "..\..\3rdparty\libcstl-2.3.0\build-win\vc9\libcstl.vcxproj", "{729D68EC-884C-4F0A-AF3E-05E19E7B5996}"
EndProject
Global
	GlobalSection(SolutionConfigurationPlatforms) = preSolution
		Debug|x64 = Debug|x64
		Debug|x86 = Debug|x86
		Release|x64 = Release|x64
		Release|x86 = Release|x86
	EndGlobalSection
	GlobalSection(ProjectConfigurationPlatforms) = postSolution
		{0773C225-A754-46E0-9EF9-DCD286D1A67F}.Debug|x64.ActiveCfg = Debug|x64
		{0773C225-A754-46E0-9EF9-DCD286D1A67F}.Debug|x64.Build.0 = Debug|x64
		{0773C225-A754-46E0-9EF9-DCD286D1A67F}.Debug|x86.ActiveCfg = Debug|Win32
		{0773C225-A754-46E0-9EF9-DCD286D1A67F}.Debug|x86.Build.0 = Debug|Win32
		{0773C225-A754-46E0-9EF9-DCD286D1A67F}.Release|x64.ActiveCfg = Release|x64
		{0773C225-A754-46E0-9EF9-DCD286D1A67F}.Release|x64.Build.0 = Release|x64
		{0773C225-A754-46E0-9EF9-DCD286D1A67F}.Release|x86.ActiveCfg = Release|Win32
		{0773C225-A754-46E0-9EF9-DCD286D1A67F}.Release|x86.Build.0 = Release|Win32
		{9E55211F-FE12-4BF9-A2CA-88C9D94BEB43}.Debug|x64.ActiveCfg = Debug|x64
		{9E55211F-FE12-4BF9-A2CA-88C9D94BEB43}.Debug|x64.Build.0 = Debug|x64
		{9E55211F-FE12-4BF9-A2CA-88C9D94BEB43}.Debug|x86.ActiveCfg = Debug|Win32
		{9E55211F-FE12-4BF9-A2CA-88C9D94BEB43}.Debug|x86.Build.0 = Debug|Win32
		{9E55211F-FE12-4BF9-A2CA-88C9D94BEB43}.Release|x64.ActiveCfg = Release|x64
		{9E55211F-FE12-4BF9-A2CA-88C9D94BEB43}.Release|x64.Build.0 = Release|x64
		{9E55211F-FE12-4BF9-A2CA-88C9D94BEB43}.Release|x86.ActiveCfg = Release|Win32
		{9E55211F-FE12-4BF9-A2CA-88C9D94BEB43}.Release|x86.Build.0 = Release|Win32
		{729D68EC-884C-4F0A-AF3E-05E19E7B5996}.Debug|x64.ActiveCfg = Debug|Win32
		{729D68EC-884C-4F0A-AF3E-05E19E7B5996}.Debug|x86.ActiveCfg = Debug|Win32
		{729D68EC-884C-4F0A-AF3E-05E19E7B5996}.Debug|x86.Build.0 = Debug|Win32
		{729D68EC-884C-4F0A-AF3E-05E19E7B5996}.Release|x64.ActiveCfg = Release|Win32
		{729D68EC-884C-4F0A-AF3E-05E19E7B5996}.Release|x86.ActiveCfg = Release|Win32
		{729D68EC-884C-4F0A-AF3E-05E19E7B5996}.Release|x86.Build.0 = Release|Win32
	EndGlobalSection
	GlobalSection(SolutionProperties) = preSolution
		HideSolutionNode = FALSE
	EndGlobalSection
EndGlobal
